
Microsoft Visual Studio Solution File, Format Version 12.00
# Visual Studio Version 17
VisualStudioVersion = 17.14.36603.0 d17.14
MinimumVisualStudioVersion = 10.0.40219.1
Project("{FAE04EC0-301F-11D3-BF4B-00C04F79EFBC}") = "MedicalCentreApp", "MedicalCentreApp\MedicalCentreApp.csproj", "{9E8DC8C9-3987-44F0-B714-9522F21AD514}"
EndProject
Global
	GlobalSection(SolutionConfigurationPlatforms) = preSolution
		Debug|Any CPU = Debug|Any CPU
		Release|Any CPU = Release|Any CPU
	EndGlobalSection
	GlobalSection(ProjectConfigurationPlatforms) = postSolution
		{9E8DC8C9-3987-44F0-B714-9522F21AD514}.Debug|Any CPU.ActiveCfg = Debug|Any CPU
		{9E8DC8C9-3987-44F0-B714-9522F21AD514}.Debug|Any CPU.Build.0 = Debug|Any CPU
		{9E8DC8C9-3987-44F0-B714-9522F21AD514}.Release|Any CPU.ActiveCfg = Release|Any CPU
		{9E8DC8C9-3987-44F0-B714-9522F21AD514}.Release|Any CPU.Build.0 = Release|Any CPU
	EndGlobalSection
	GlobalSection(SolutionProperties) = preSolution
		HideSolutionNode = FALSE
	EndGlobalSection
	GlobalSection(ExtensibilityGlobals) = postSolution
		SolutionGuid = {B6A46BBF-A30E-47F2-B412-59B5957C8A1A}
	EndGlobalSection
EndGlobal
